
Microsoft Visual Studio Solution File, Format Version 12.00
# Visual Studio Version 17
VisualStudioVersion = 17.10.35122.118
MinimumVisualStudioVersion = 10.0.40219.1
Project("{9A19103F-16F7-4668-BE54-9A1E7A4F7556}") = "FrontEnd", "FrontEnd\FrontEnd.csproj", "{0AC99701-CB7D-4EF8-85F2-EB93F3A6AC13}"
EndProject
Project("{2150E333-8FDC-42A3-9474-1A3956D46DE8}") = "CommonDomain", "CommonDomain", "{89A2B81E-A499-4602-A931-D97B30685B2B}"
EndProject
Project("{9A19103F-16F7-4668-BE54-9A1E7A4F7556}") = "Comman.Domain", "Comman.Domain\Comman.Domain.csproj", "{0E9280C5-F2F4-4D45-AFF2-C8BC754A6238}"
EndProject
Project("{2150E333-8FDC-42A3-9474-1A3956D46DE8}") = "CommonInfrastructure", "CommonInfrastructure", "{E45CD615-80B9-4676-B67A-7FB895CC17D8}"
EndProject
Project("{9A19103F-16F7-4668-BE54-9A1E7A4F7556}") = "Common.Infrastructure", "Common.Infrastructure\Common.Infrastructure.csproj", "{7E212604-F653-4DD0-AB75-B18B453C7456}"
EndProject
Project("{2150E333-8FDC-42A3-9474-1A3956D46DE8}") = "Services", "Services", "{ADF62D12-351A-41EA-8B8D-A05ED8076F39}"
EndProject
Project("{2150E333-8FDC-42A3-9474-1A3956D46DE8}") = "Catalog", "Catalog", "{099EBB09-536E-429F-866D-2EBB6CC9BEA6}"
EndProject
Project("{2150E333-8FDC-42A3-9474-1A3956D46DE8}") = "ApiGateway", "ApiGateway", "{2D5F78DE-36D0-4F10-B3E0-3E9DC89C7D9F}"
EndProject
Project("{9A19103F-16F7-4668-BE54-9A1E7A4F7556}") = "API.Gateway", "API.Gateway\API.Gateway.csproj", "{D7AC37DE-F224-4FE4-97CD-A72288A59FCC}"
EndProject
Project("{2150E333-8FDC-42A3-9474-1A3956D46DE8}") = "User", "User", "{3D69B6B2-28F2-480E-BBBE-48BA03E44DA9}"
EndProject
Project("{9A19103F-16F7-4668-BE54-9A1E7A4F7556}") = "User.Api", "User.Api\User.Api.csproj", "{417B35E5-E8AA-4BBE-BFFC-82F47BE314B8}"
EndProject
Project("{2150E333-8FDC-42A3-9474-1A3956D46DE8}") = "CommonLib", "CommonLib", "{BCB5F134-0CC7-4652-9A84-9A47CA593D62}"
EndProject
Project("{9A19103F-16F7-4668-BE54-9A1E7A4F7556}") = "CommonLib.Configurations", "CommonLib.Configurations\CommonLib.Configurations.csproj", "{BD58828B-D5DC-422D-A623-6D4433D7AD21}"
EndProject
Project("{9A19103F-16F7-4668-BE54-9A1E7A4F7556}") = "CommonLib.Constants", "CommonLib.Constants\CommonLib.Constants.csproj", "{F8ECC86F-F7B7-422D-A624-D45CDF485B23}"
EndProject
Project("{9A19103F-16F7-4668-BE54-9A1E7A4F7556}") = "CommonLib.Models", "CommonLib.Models\CommonLib.Models.csproj", "{905C165E-3EFC-4827-B946-38D226105B17}"
EndProject
Project("{9A19103F-16F7-4668-BE54-9A1E7A4F7556}") = "CommonLib.Helpers", "CommonLib.Helpers\CommonLib.Helpers.csproj", "{D56C7340-052A-4A95-A7E1-738B00166468}"
EndProject
Project("{9A19103F-16F7-4668-BE54-9A1E7A4F7556}") = "CommonLib.Enums", "CommonLib.Enum\CommonLib.Enums.csproj", "{BB1A6CD7-3254-4BE5-87A0-B00BDA91CF3A}"
EndProject
Project("{9A19103F-16F7-4668-BE54-9A1E7A4F7556}") = "CommonLib.Exceptions", "CommonLib.Exceptions\CommonLib.Exceptions.csproj", "{99903977-3852-4A2C-91D2-5E536992AC95}"
EndProject
Project("{FAE04EC0-301F-11D3-BF4B-00C04F79EFBC}") = "CommonLib.TestHelpers", "CommonLib.TestHelpers\CommonLib.TestHelpers.csproj", "{51DAE2F0-7185-48BF-B1D0-913485BCD7D6}"
EndProject
Global
	GlobalSection(SolutionConfigurationPlatforms) = preSolution
		Debug|Any CPU = Debug|Any CPU
		Release|Any CPU = Release|Any CPU
	EndGlobalSection
	GlobalSection(ProjectConfigurationPlatforms) = postSolution
		{0AC99701-CB7D-4EF8-85F2-EB93F3A6AC13}.Debug|Any CPU.ActiveCfg = Debug|Any CPU
		{0AC99701-CB7D-4EF8-85F2-EB93F3A6AC13}.Debug|Any CPU.Build.0 = Debug|Any CPU
		{0AC99701-CB7D-4EF8-85F2-EB93F3A6AC13}.Release|Any CPU.ActiveCfg = Release|Any CPU
		{0AC99701-CB7D-4EF8-85F2-EB93F3A6AC13}.Release|Any CPU.Build.0 = Release|Any CPU
		{0E9280C5-F2F4-4D45-AFF2-C8BC754A6238}.Debug|Any CPU.ActiveCfg = Debug|Any CPU
		{0E9280C5-F2F4-4D45-AFF2-C8BC754A6238}.Debug|Any CPU.Build.0 = Debug|Any CPU
		{0E9280C5-F2F4-4D45-AFF2-C8BC754A6238}.Release|Any CPU.ActiveCfg = Release|Any CPU
		{0E9280C5-F2F4-4D45-AFF2-C8BC754A6238}.Release|Any CPU.Build.0 = Release|Any CPU
		{7E212604-F653-4DD0-AB75-B18B453C7456}.Debug|Any CPU.ActiveCfg = Debug|Any CPU
		{7E212604-F653-4DD0-AB75-B18B453C7456}.Debug|Any CPU.Build.0 = Debug|Any CPU
		{7E212604-F653-4DD0-AB75-B18B453C7456}.Release|Any CPU.ActiveCfg = Release|Any CPU
		{7E212604-F653-4DD0-AB75-B18B453C7456}.Release|Any CPU.Build.0 = Release|Any CPU
		{D7AC37DE-F224-4FE4-97CD-A72288A59FCC}.Debug|Any CPU.ActiveCfg = Debug|Any CPU
		{D7AC37DE-F224-4FE4-97CD-A72288A59FCC}.Debug|Any CPU.Build.0 = Debug|Any CPU
		{D7AC37DE-F224-4FE4-97CD-A72288A59FCC}.Release|Any CPU.ActiveCfg = Release|Any CPU
		{D7AC37DE-F224-4FE4-97CD-A72288A59FCC}.Release|Any CPU.Build.0 = Release|Any CPU
		{417B35E5-E8AA-4BBE-BFFC-82F47BE314B8}.Debug|Any CPU.ActiveCfg = Debug|Any CPU
		{417B35E5-E8AA-4BBE-BFFC-82F47BE314B8}.Debug|Any CPU.Build.0 = Debug|Any CPU
		{417B35E5-E8AA-4BBE-BFFC-82F47BE314B8}.Release|Any CPU.ActiveCfg = Release|Any CPU
		{417B35E5-E8AA-4BBE-BFFC-82F47BE314B8}.Release|Any CPU.Build.0 = Release|Any CPU
		{BD58828B-D5DC-422D-A623-6D4433D7AD21}.Debug|Any CPU.ActiveCfg = Debug|Any CPU
		{BD58828B-D5DC-422D-A623-6D4433D7AD21}.Debug|Any CPU.Build.0 = Debug|Any CPU
		{BD58828B-D5DC-422D-A623-6D4433D7AD21}.Release|Any CPU.ActiveCfg = Release|Any CPU
		{BD58828B-D5DC-422D-A623-6D4433D7AD21}.Release|Any CPU.Build.0 = Release|Any CPU
		{F8ECC86F-F7B7-422D-A624-D45CDF485B23}.Debug|Any CPU.ActiveCfg = Debug|Any CPU
		{F8ECC86F-F7B7-422D-A624-D45CDF485B23}.Debug|Any CPU.Build.0 = Debug|Any CPU
		{F8ECC86F-F7B7-422D-A624-D45CDF485B23}.Release|Any CPU.ActiveCfg = Release|Any CPU
		{F8ECC86F-F7B7-422D-A624-D45CDF485B23}.Release|Any CPU.Build.0 = Release|Any CPU
		{905C165E-3EFC-4827-B946-38D226105B17}.Debug|Any CPU.ActiveCfg = Debug|Any CPU
		{905C165E-3EFC-4827-B946-38D226105B17}.Debug|Any CPU.Build.0 = Debug|Any CPU
		{905C165E-3EFC-4827-B946-38D226105B17}.Release|Any CPU.ActiveCfg = Release|Any CPU
		{905C165E-3EFC-4827-B946-38D226105B17}.Release|Any CPU.Build.0 = Release|Any CPU
		{D56C7340-052A-4A95-A7E1-738B00166468}.Debug|Any CPU.ActiveCfg = Debug|Any CPU
		{D56C7340-052A-4A95-A7E1-738B00166468}.Debug|Any CPU.Build.0 = Debug|Any CPU
		{D56C7340-052A-4A95-A7E1-738B00166468}.Release|Any CPU.ActiveCfg = Release|Any CPU
		{D56C7340-052A-4A95-A7E1-738B00166468}.Release|Any CPU.Build.0 = Release|Any CPU
		{BB1A6CD7-3254-4BE5-87A0-B00BDA91CF3A}.Debug|Any CPU.ActiveCfg = Debug|Any CPU
		{BB1A6CD7-3254-4BE5-87A0-B00BDA91CF3A}.Debug|Any CPU.Build.0 = Debug|Any CPU
		{BB1A6CD7-3254-4BE5-87A0-B00BDA91CF3A}.Release|Any CPU.ActiveCfg = Release|Any CPU
		{BB1A6CD7-3254-4BE5-87A0-B00BDA91CF3A}.Release|Any CPU.Build.0 = Release|Any CPU
		{99903977-3852-4A2C-91D2-5E536992AC95}.Debug|Any CPU.ActiveCfg = Debug|Any CPU
		{99903977-3852-4A2C-91D2-5E536992AC95}.Debug|Any CPU.Build.0 = Debug|Any CPU
		{99903977-3852-4A2C-91D2-5E536992AC95}.Release|Any CPU.ActiveCfg = Release|Any CPU
		{99903977-3852-4A2C-91D2-5E536992AC95}.Release|Any CPU.Build.0 = Release|Any CPU
		{51DAE2F0-7185-48BF-B1D0-913485BCD7D6}.Debug|Any CPU.ActiveCfg = Debug|Any CPU
		{51DAE2F0-7185-48BF-B1D0-913485BCD7D6}.Debug|Any CPU.Build.0 = Debug|Any CPU
		{51DAE2F0-7185-48BF-B1D0-913485BCD7D6}.Release|Any CPU.ActiveCfg = Release|Any CPU
		{51DAE2F0-7185-48BF-B1D0-913485BCD7D6}.Release|Any CPU.Build.0 = Release|Any CPU
	EndGlobalSection
	GlobalSection(SolutionProperties) = preSolution
		HideSolutionNode = FALSE
	EndGlobalSection
	GlobalSection(NestedProjects) = preSolution
		{0E9280C5-F2F4-4D45-AFF2-C8BC754A6238} = {89A2B81E-A499-4602-A931-D97B30685B2B}
		{7E212604-F653-4DD0-AB75-B18B453C7456} = {E45CD615-80B9-4676-B67A-7FB895CC17D8}
		{D7AC37DE-F224-4FE4-97CD-A72288A59FCC} = {2D5F78DE-36D0-4F10-B3E0-3E9DC89C7D9F}
		{3D69B6B2-28F2-480E-BBBE-48BA03E44DA9} = {ADF62D12-351A-41EA-8B8D-A05ED8076F39}
		{417B35E5-E8AA-4BBE-BFFC-82F47BE314B8} = {3D69B6B2-28F2-480E-BBBE-48BA03E44DA9}
		{BD58828B-D5DC-422D-A623-6D4433D7AD21} = {BCB5F134-0CC7-4652-9A84-9A47CA593D62}
		{F8ECC86F-F7B7-422D-A624-D45CDF485B23} = {BCB5F134-0CC7-4652-9A84-9A47CA593D62}
		{905C165E-3EFC-4827-B946-38D226105B17} = {BCB5F134-0CC7-4652-9A84-9A47CA593D62}
		{D56C7340-052A-4A95-A7E1-738B00166468} = {BCB5F134-0CC7-4652-9A84-9A47CA593D62}
		{BB1A6CD7-3254-4BE5-87A0-B00BDA91CF3A} = {BCB5F134-0CC7-4652-9A84-9A47CA593D62}
		{99903977-3852-4A2C-91D2-5E536992AC95} = {BCB5F134-0CC7-4652-9A84-9A47CA593D62}
		{51DAE2F0-7185-48BF-B1D0-913485BCD7D6} = {BCB5F134-0CC7-4652-9A84-9A47CA593D62}
	EndGlobalSection
	GlobalSection(ExtensibilityGlobals) = postSolution
		SolutionGuid = {08C40A17-1B97-4EBD-A684-F7CA83D3CEE1}
	EndGlobalSection
EndGlobal
